
Microsoft Visual Studio Solution File, Format Version 12.00
# Visual Studio 15
VisualStudioVersion = 15.0.28010.2048
MinimumVisualStudioVersion = 10.0.40219.1
Project("{FAE04EC0-301F-11D3-BF4B-00C04F79EFBC}") = "PageObject_Framework", "PageObject_Framework\PageObject_Framework.csproj", "{D152A856-8C7F-47F4-95F6-76CC0C1A6D71}"
EndProject
Global
	GlobalSection(SolutionConfigurationPlatforms) = preSolution
		Debug|Any CPU = Debug|Any CPU
		Release|Any CPU = Release|Any CPU
	EndGlobalSection
	GlobalSection(ProjectConfigurationPlatforms) = postSolution
		{D152A856-8C7F-47F4-95F6-76CC0C1A6D71}.Debug|Any CPU.ActiveCfg = Debug|Any CPU
		{D152A856-8C7F-47F4-95F6-76CC0C1A6D71}.Debug|Any CPU.Build.0 = Debug|Any CPU
		{D152A856-8C7F-47F4-95F6-76CC0C1A6D71}.Release|Any CPU.ActiveCfg = Release|Any CPU
		{D152A856-8C7F-47F4-95F6-76CC0C1A6D71}.Release|Any CPU.Build.0 = Release|Any CPU
	EndGlobalSection
	GlobalSection(SolutionProperties) = preSolution
		HideSolutionNode = FALSE
	EndGlobalSection
	GlobalSection(ExtensibilityGlobals) = postSolution
		SolutionGuid = {8D6211E8-6385-45B3-8FB6-9492E5675E8D}
	EndGlobalSection
EndGlobal
